Microsoft Visual Studio Solution File, Format Version 12.00
Project("17680044-25eb-47b7-8859-a6041060518b") = "NancyFunctionalE2ETests", "NancyFunctionalE2ETests.csproj", "47d5584f-4af9-4ee1-b37c-533851a51592"
EndProject
Global
	GlobalSection(SolutionConfigurationPlatforms) = preSolution
		Debug|Any CPU = Debug|Any CPU
		Release|Any CPU = Release|Any CPU
	EndGlobalSection
	GlobalSection(ProjectConfigurationPlatforms) = postSolution
		47d5584f-4af9-4ee1-b37c-533851a51592.Debug|Any CPU.ActiveCfg = Debug|Any CPU
		47d5584f-4af9-4ee1-b37c-533851a51592.Debug|Any CPU.Build.0 = Debug|Any CPU
		47d5584f-4af9-4ee1-b37c-533851a51592.Release|Any CPU.ActiveCfg = Release|Any CPU
		47d5584f-4af9-4ee1-b37c-533851a51592.Release|Any CPU.Build.0 = Release|Any CPU
	EndGlobalSection
	GlobalSection(SolutionProperties) = preSolution
		HideSolutionNode = FALSE
	EndGlobalSection
EndGlobal